PODS:
  - Alamofire (5.4.4)
  - BBPlayerView (1.2.0)
  - KakaJSON (1.1.2)
  - MBProgressHUD (1.2.0)
  - SDWebImage (5.12.1):
    - SDWebImage/Core (= 5.12.1)
  - SDWebImage/Core (5.12.1)

DEPENDENCIES:
  - Alamofire
  - BBPlayerView
  - KakaJSON
  - MBProgressHUD
  - SDWebImage

SPEC REPOS:
  trunk:
    - Alamofire
    - BBPlayerView
    - KakaJSON
    - MBProgressHUD
    - SDWebImage

SPEC CHECKSUMS:
  Alamofire: f3b09a368f1582ab751b3fff5460276e0d2cf5c9
  BBPlayerView: 94baef580cadf371d5b3e61ba83a1ce7a1215de2
  KakaJSON: cc5ff50a8c1cfbb09413db8496cb709a209e6137
  MBProgressHUD: 3ee5efcc380f6a79a7cc9b363dd669c5e1ae7406
  SDWebImage: 4dc3e42d9ec0c1028b960a33ac6b637bb432207b

PODFILE CHECKSUM: 75b8121b1a0c0f0dcdd32649f8ab1bc524877aca

COCOAPODS: 1.12.1
