// !$*UTF8*$!
{
	archiveVersion = 1;
	classes = {
	};
	objectVersion = 55;
	objects = {

/* Begin PBXBuildFile section */
		AD5BF22F2B30145500168DD5 /* HTTPConvenience.swift in Sources */ = {isa = PBXBuildFile; fileRef = AD5BF22E2B30145500168DD5 /* HTTPConvenience.swift */; };
		AD731C95288E89D6006D6EB8 /* MediaBrowser.swift in Sources */ = {isa = PBXBuildFile; fileRef = AD731C8E288E89D5006D6EB8 /* MediaBrowser.swift */; };
		AD731C96288E89D6006D6EB8 /* MediaBrowserVideoCell.swift in Sources */ = {isa = PBXBuildFile; fileRef = AD731C8F288E89D5006D6EB8 /* MediaBrowserVideoCell.swift */; };
		AD731C97288E89D6006D6EB8 /* MediaBrowserItemModel.swift in Sources */ = {isa = PBXBuildFile; fileRef = AD731C90288E89D5006D6EB8 /* MediaBrowserItemModel.swift */; };
		AD731C98288E89D6006D6EB8 /* MediaBrowserTopBar.swift in Sources */ = {isa = PBXBuildFile; fileRef = AD731C91288E89D5006D6EB8 /* MediaBrowserTopBar.swift */; };
		AD731C99288E89D6006D6EB8 /* MediaBrowserImageCell.swift in Sources */ = {isa = PBXBuildFile; fileRef = AD731C92288E89D6006D6EB8 /* MediaBrowserImageCell.swift */; };
		AD731C9A288E89D6006D6EB8 /* MediaBrowserBottomBar.swift in Sources */ = {isa = PBXBuildFile; fileRef = AD731C93288E89D6006D6EB8 /* MediaBrowserBottomBar.swift */; };
		AD731C9B288E89D6006D6EB8 /* MediaBrowserCellManager.swift in Sources */ = {isa = PBXBuildFile; fileRef = AD731C94288E89D6006D6EB8 /* MediaBrowserCellManager.swift */; };
		AD731C9E288E8ADE006D6EB8 /* OCMediaBrowser.swift in Sources */ = {isa = PBXBuildFile; fileRef = AD731C9D288E8ADE006D6EB8 /* OCMediaBrowser.swift */; };
		AD731CA1288E96EB006D6EB8 /* BrowserTestSwiftViewController.swift in Sources */ = {isa = PBXBuildFile; fileRef = AD731C9F288E96EB006D6EB8 /* BrowserTestSwiftViewController.swift */; };
		AD731CA2288E96EB006D6EB8 /* BrowserTestSwiftViewController.xib in Resources */ = {isa = PBXBuildFile; fileRef = AD731CA0288E96EB006D6EB8 /* BrowserTestSwiftViewController.xib */; };
		AD731CA7288E96FF006D6EB8 /* BrowserTestOCViewController.m in Sources */ = {isa = PBXBuildFile; fileRef = AD731CA5288E96FF006D6EB8 /* BrowserTestOCViewController.m */; };
		AD731CA8288E96FF006D6EB8 /* BrowserTestOCViewController.xib in Resources */ = {isa = PBXBuildFile; fileRef = AD731CA6288E96FF006D6EB8 /* BrowserTestOCViewController.xib */; };
		AD8C5ECC27F692160008420C /* Macros.swift in Sources */ = {isa = PBXBuildFile; fileRef = AD8C5ECB27F692160008420C /* Macros.swift */; };
		ADBBCB9D27F57CB50036AD89 /* Parse.swift in Sources */ = {isa = PBXBuildFile; fileRef = ADBBCB9C27F57CB50036AD89 /* Parse.swift */; };
		ADC94CC728F2CE9A008569A4 /* MediaView.swift in Sources */ = {isa = PBXBuildFile; fileRef = ADC94CC628F2CE9A008569A4 /* MediaView.swift */; };
		ADC94CC928F2D487008569A4 /* MediaViewImageCell.swift in Sources */ = {isa = PBXBuildFile; fileRef = ADC94CC828F2D487008569A4 /* MediaViewImageCell.swift */; };
		ADC94CCB28F2D4A1008569A4 /* MediaViewVideoCell.swift in Sources */ = {isa = PBXBuildFile; fileRef = ADC94CCA28F2D4A1008569A4 /* MediaViewVideoCell.swift */; };
		ADC94CCD28F3A7FA008569A4 /* OCMediaView.swift in Sources */ = {isa = PBXBuildFile; fileRef = ADC94CCC28F3A7FA008569A4 /* OCMediaView.swift */; };
		ADC94CCF28F3A81D008569A4 /* MediaViewCellManager.swift in Sources */ = {isa = PBXBuildFile; fileRef = ADC94CCE28F3A81D008569A4 /* MediaViewCellManager.swift */; };
		ADC94CD328F3AB91008569A4 /* MediaViewTestViewController.swift in Sources */ = {isa = PBXBuildFile; fileRef = ADC94CD128F3AB91008569A4 /* MediaViewTestViewController.swift */; };
		ADC94CD428F3AB91008569A4 /* MediaViewTestViewController.xib in Resources */ = {isa = PBXBuildFile; fileRef = ADC94CD228F3AB91008569A4 /* MediaViewTestViewController.xib */; };
		ADF36DF527510F79008BA1DB /* AppDelegate.swift in Sources */ = {isa = PBXBuildFile; fileRef = ADF36DF427510F79008BA1DB /* AppDelegate.swift */; };
		ADF36DF927510F79008BA1DB /* ViewController.swift in Sources */ = {isa = PBXBuildFile; fileRef = ADF36DF827510F79008BA1DB /* ViewController.swift */; };
		ADF36DFC27510F79008BA1DB /* Main.storyboard in Resources */ = {isa = PBXBuildFile; fileRef = ADF36DFA27510F79008BA1DB /* Main.storyboard */; };
		ADF36DFE27510F7B008BA1DB /* Assets.xcassets in Resources */ = {isa = PBXBuildFile; fileRef = ADF36DFD27510F7B008BA1DB /* Assets.xcassets */; };
		ADF36E0127510F7B008BA1DB /* LaunchScreen.storyboard in Resources */ = {isa = PBXBuildFile; fileRef = ADF36DFF27510F7B008BA1DB /* LaunchScreen.storyboard */; };
		ADF36E0A275125B8008BA1DB /* FlowImageView.swift in Sources */ = {isa = PBXBuildFile; fileRef = ADF36E09275125B8008BA1DB /* FlowImageView.swift */; };
		ADF36E0C27512667008BA1DB /* HTTP.swift in Sources */ = {isa = PBXBuildFile; fileRef = ADF36E0B27512667008BA1DB /* HTTP.swift */; };
		ADF36E0E275126AB008BA1DB /* UIView+HUD.swift in Sources */ = {isa = PBXBuildFile; fileRef = ADF36E0D275126AB008BA1DB /* UIView+HUD.swift */; };
		ADF36E122751F585008BA1DB /* FlowImageViewController.swift in Sources */ = {isa = PBXBuildFile; fileRef = ADF36E102751F585008BA1DB /* FlowImageViewController.swift */; };
		ADF36E132751F585008BA1DB /* FlowImageViewController.xib in Resources */ = {isa = PBXBuildFile; fileRef = ADF36E112751F585008BA1DB /* FlowImageViewController.xib */; };
		DA0195F7760AEACEB4198AD0 /* Pods_Carrot.framework in Frameworks */ = {isa = PBXBuildFile; fileRef = 6DA2187293594F192E2AFBB9 /* Pods_Carrot.framework */; };
/* End PBXBuildFile section */

/* Begin PBXFileReference section */
		01615ADE153C43FC73D6ECBF /* Pods-Carrot.release.xcconfig */ = {isa = PBXFileReference; includeInIndex = 1; lastKnownFileType = text.xcconfig; name = "Pods-Carrot.release.xcconfig"; path = "Target Support Files/Pods-Carrot/Pods-Carrot.release.xcconfig"; sourceTree = "<group>"; };
		03830C1278EC4B03942288AD /* Pods-Carrot.debug.xcconfig */ = {isa = PBXFileReference; includeInIndex = 1; lastKnownFileType = text.xcconfig; name = "Pods-Carrot.debug.xcconfig"; path = "Target Support Files/Pods-Carrot/Pods-Carrot.debug.xcconfig"; sourceTree = "<group>"; };
		6DA2187293594F192E2AFBB9 /* Pods_Carrot.framework */ = {isa = PBXFileReference; explicitFileType = wrapper.framework; includeInIndex = 0; path = Pods_Carrot.framework; sourceTree = BUILT_PRODUCTS_DIR; };
		AD5BF22E2B30145500168DD5 /* HTTPConvenience.swift */ = {isa = PBXFileReference; fileEncoding = 4; lastKnownFileType = sourcecode.swift; path = HTTPConvenience.swift; sourceTree = "<group>"; };
		AD731C8E288E89D5006D6EB8 /* MediaBrowser.swift */ = {isa = PBXFileReference; fileEncoding = 4; lastKnownFileType = sourcecode.swift; path = MediaBrowser.swift; sourceTree = "<group>"; };
		AD731C8F288E89D5006D6EB8 /* MediaBrowserVideoCell.swift */ = {isa = PBXFileReference; fileEncoding = 4; lastKnownFileType = sourcecode.swift; path = MediaBrowserVideoCell.swift; sourceTree = "<group>"; };
		AD731C90288E89D5006D6EB8 /* MediaBrowserItemModel.swift */ = {isa = PBXFileReference; fileEncoding = 4; lastKnownFileType = sourcecode.swift; path = MediaBrowserItemModel.swift; sourceTree = "<group>"; };
		AD731C91288E89D5006D6EB8 /* MediaBrowserTopBar.swift */ = {isa = PBXFileReference; fileEncoding = 4; lastKnownFileType = sourcecode.swift; path = MediaBrowserTopBar.swift; sourceTree = "<group>"; };
		AD731C92288E89D6006D6EB8 /* MediaBrowserImageCell.swift */ = {isa = PBXFileReference; fileEncoding = 4; lastKnownFileType = sourcecode.swift; path = MediaBrowserImageCell.swift; sourceTree = "<group>"; };
		AD731C93288E89D6006D6EB8 /* MediaBrowserBottomBar.swift */ = {isa = PBXFileReference; fileEncoding = 4; lastKnownFileType = sourcecode.swift; path = MediaBrowserBottomBar.swift; sourceTree = "<group>"; };
		AD731C94288E89D6006D6EB8 /* MediaBrowserCellManager.swift */ = {isa = PBXFileReference; fileEncoding = 4; lastKnownFileType = sourcecode.swift; path = MediaBrowserCellManager.swift; sourceTree = "<group>"; };
		AD731C9D288E8ADE006D6EB8 /* OCMediaBrowser.swift */ = {isa = PBXFileReference; lastKnownFileType = sourcecode.swift; path = OCMediaBrowser.swift; sourceTree = "<group>"; };
		AD731C9F288E96EB006D6EB8 /* BrowserTestSwiftViewController.swift */ = {isa = PBXFileReference; lastKnownFileType = sourcecode.swift; path = BrowserTestSwiftViewController.swift; sourceTree = "<group>"; };
		AD731CA0288E96EB006D6EB8 /* BrowserTestSwiftViewController.xib */ = {isa = PBXFileReference; lastKnownFileType = file.xib; path = BrowserTestSwiftViewController.xib; sourceTree = "<group>"; };
		AD731CA3288E96FE006D6EB8 /* Carrot-Bridging-Header.h */ = {isa = PBXFileReference; lastKnownFileType = sourcecode.c.h; path = "Carrot-Bridging-Header.h"; sourceTree = "<group>"; };
		AD731CA4288E96FF006D6EB8 /* BrowserTestOCViewController.h */ = {isa = PBXFileReference; lastKnownFileType = sourcecode.c.h; path = BrowserTestOCViewController.h; sourceTree = "<group>"; };
		AD731CA5288E96FF006D6EB8 /* BrowserTestOCViewController.m */ = {isa = PBXFileReference; lastKnownFileType = sourcecode.c.objc; path = BrowserTestOCViewController.m; sourceTree = "<group>"; };
		AD731CA6288E96FF006D6EB8 /* BrowserTestOCViewController.xib */ = {isa = PBXFileReference; lastKnownFileType = file.xib; path = BrowserTestOCViewController.xib; sourceTree = "<group>"; };
		AD8C5ECB27F692160008420C /* Macros.swift */ = {isa = PBXFileReference; fileEncoding = 4; lastKnownFileType = sourcecode.swift; path = Macros.swift; sourceTree = "<group>"; };
		ADBBCB9C27F57CB50036AD89 /* Parse.swift */ = {isa = PBXFileReference; fileEncoding = 4; lastKnownFileType = sourcecode.swift; path = Parse.swift; sourceTree = "<group>"; };
		ADC94CC628F2CE9A008569A4 /* MediaView.swift */ = {isa = PBXFileReference; lastKnownFileType = sourcecode.swift; path = MediaView.swift; sourceTree = "<group>"; };
		ADC94CC828F2D487008569A4 /* MediaViewImageCell.swift */ = {isa = PBXFileReference; lastKnownFileType = sourcecode.swift; path = MediaViewImageCell.swift; sourceTree = "<group>"; };
		ADC94CCA28F2D4A1008569A4 /* MediaViewVideoCell.swift */ = {isa = PBXFileReference; lastKnownFileType = sourcecode.swift; path = MediaViewVideoCell.swift; sourceTree = "<group>"; };
		ADC94CCC28F3A7FA008569A4 /* OCMediaView.swift */ = {isa = PBXFileReference; lastKnownFileType = sourcecode.swift; path = OCMediaView.swift; sourceTree = "<group>"; };
		ADC94CCE28F3A81D008569A4 /* MediaViewCellManager.swift */ = {isa = PBXFileReference; lastKnownFileType = sourcecode.swift; path = MediaViewCellManager.swift; sourceTree = "<group>"; };
		ADC94CD128F3AB91008569A4 /* MediaViewTestViewController.swift */ = {isa = PBXFileReference; lastKnownFileType = sourcecode.swift; path = MediaViewTestViewController.swift; sourceTree = "<group>"; };
		ADC94CD228F3AB91008569A4 /* MediaViewTestViewController.xib */ = {isa = PBXFileReference; lastKnownFileType = file.xib; path = MediaViewTestViewController.xib; sourceTree = "<group>"; };
		ADF36DF127510F79008BA1DB /* Carrot.app */ = {isa = PBXFileReference; explicitFileType = wrapper.application; includeInIndex = 0; path = Carrot.app; sourceTree = BUILT_PRODUCTS_DIR; };
		ADF36DF427510F79008BA1DB /* AppDelegate.swift */ = {isa = PBXFileReference; lastKnownFileType = sourcecode.swift; path = AppDelegate.swift; sourceTree = "<group>"; };
		ADF36DF827510F79008BA1DB /* ViewController.swift */ = {isa = PBXFileReference; lastKnownFileType = sourcecode.swift; path = ViewController.swift; sourceTree = "<group>"; };
		ADF36DFB27510F79008BA1DB /* Base */ = {isa = PBXFileReference; lastKnownFileType = file.storyboard; name = Base; path = Base.lproj/Main.storyboard; sourceTree = "<group>"; };
		ADF36DFD27510F7B008BA1DB /* Assets.xcassets */ = {isa = PBXFileReference; lastKnownFileType = folder.assetcatalog; path = Assets.xcassets; sourceTree = "<group>"; };
		ADF36E0027510F7B008BA1DB /* Base */ = {isa = PBXFileReference; lastKnownFileType = file.storyboard; name = Base; path = Base.lproj/LaunchScreen.storyboard; sourceTree = "<group>"; };
		ADF36E0227510F7B008BA1DB /* Info.plist */ = {isa = PBXFileReference; lastKnownFileType = text.plist.xml; path = Info.plist; sourceTree = "<group>"; };
		ADF36E09275125B8008BA1DB /* FlowImageView.swift */ = {isa = PBXFileReference; fileEncoding = 4; lastKnownFileType = sourcecode.swift; path = FlowImageView.swift; sourceTree = "<group>"; };
		ADF36E0B27512667008BA1DB /* HTTP.swift */ = {isa = PBXFileReference; fileEncoding = 4; lastKnownFileType = sourcecode.swift; path = HTTP.swift; sourceTree = "<group>"; };
		ADF36E0D275126AB008BA1DB /* UIView+HUD.swift */ = {isa = PBXFileReference; fileEncoding = 4; lastKnownFileType = sourcecode.swift; path = "UIView+HUD.swift"; sourceTree = "<group>"; };
		ADF36E102751F585008BA1DB /* FlowImageViewController.swift */ = {isa = PBXFileReference; lastKnownFileType = sourcecode.swift; path = FlowImageViewController.swift; sourceTree = "<group>"; };
		ADF36E112751F585008BA1DB /* FlowImageViewController.xib */ = {isa = PBXFileReference; lastKnownFileType = file.xib; path = FlowImageViewController.xib; sourceTree = "<group>"; };
/* End PBXFileReference section */

/* Begin PBXFrameworksBuildPhase section */
		ADF36DEE27510F79008BA1DB /* Frameworks */ = {
			isa = PBXFrameworksBuildPhase;
			buildActionMask = 2147483647;
			files = (
				DA0195F7760AEACEB4198AD0 /* Pods_Carrot.framework in Frameworks */,
			);
			runOnlyForDeploymentPostprocessing = 0;
		};
/* End PBXFrameworksBuildPhase section */

/* Begin PBXGroup section */
		5F573DB12231552EC0106A19 /* Pods */ = {
			isa = PBXGroup;
			children = (
				03830C1278EC4B03942288AD /* Pods-Carrot.debug.xcconfig */,
				01615ADE153C43FC73D6ECBF /* Pods-Carrot.release.xcconfig */,
			);
			path = Pods;
			sourceTree = "<group>";
		};
		AD731C8D288E89BD006D6EB8 /* MediaBrowser */ = {
			isa = PBXGroup;
			children = (
				AD731C9D288E8ADE006D6EB8 /* OCMediaBrowser.swift */,
				AD731C8E288E89D5006D6EB8 /* MediaBrowser.swift */,
				AD731C91288E89D5006D6EB8 /* MediaBrowserTopBar.swift */,
				AD731C93288E89D6006D6EB8 /* MediaBrowserBottomBar.swift */,
				AD731C92288E89D6006D6EB8 /* MediaBrowserImageCell.swift */,
				AD731C8F288E89D5006D6EB8 /* MediaBrowserVideoCell.swift */,
				AD731C94288E89D6006D6EB8 /* MediaBrowserCellManager.swift */,
				AD731C90288E89D5006D6EB8 /* MediaBrowserItemModel.swift */,
			);
			path = MediaBrowser;
			sourceTree = "<group>";
		};
		AD731C9C288E8A86006D6EB8 /* MediaBrowser */ = {
			isa = PBXGroup;
			children = (
				AD731C9F288E96EB006D6EB8 /* BrowserTestSwiftViewController.swift */,
				AD731CA0288E96EB006D6EB8 /* BrowserTestSwiftViewController.xib */,
				AD731CA4288E96FF006D6EB8 /* BrowserTestOCViewController.h */,
				AD731CA5288E96FF006D6EB8 /* BrowserTestOCViewController.m */,
				AD731CA6288E96FF006D6EB8 /* BrowserTestOCViewController.xib */,
			);
			path = MediaBrowser;
			sourceTree = "<group>";
		};
		ADC94CC528F2CE73008569A4 /* MediaView */ = {
			isa = PBXGroup;
			children = (
				ADC94CCC28F3A7FA008569A4 /* OCMediaView.swift */,
				ADC94CC628F2CE9A008569A4 /* MediaView.swift */,
				ADC94CC828F2D487008569A4 /* MediaViewImageCell.swift */,
				ADC94CCA28F2D4A1008569A4 /* MediaViewVideoCell.swift */,
				ADC94CCE28F3A81D008569A4 /* MediaViewCellManager.swift */,
			);
			path = MediaView;
			sourceTree = "<group>";
		};
		ADC94CD028F3AB65008569A4 /* MediaView */ = {
			isa = PBXGroup;
			children = (
				ADC94CD128F3AB91008569A4 /* MediaViewTestViewController.swift */,
				ADC94CD228F3AB91008569A4 /* MediaViewTestViewController.xib */,
			);
			path = MediaView;
			sourceTree = "<group>";
		};
		ADF36DE827510F79008BA1DB = {
			isa = PBXGroup;
			children = (
				ADF36DF327510F79008BA1DB /* Carrot */,
				ADF36DF227510F79008BA1DB /* Products */,
				5F573DB12231552EC0106A19 /* Pods */,
				BCA9E700F8F6D9310E0BA2B7 /* Frameworks */,
			);
			sourceTree = "<group>";
		};
		ADF36DF227510F79008BA1DB /* Products */ = {
			isa = PBXGroup;
			children = (
				ADF36DF127510F79008BA1DB /* Carrot.app */,
			);
			name = Products;
			sourceTree = "<group>";
		};
		ADF36DF327510F79008BA1DB /* Carrot */ = {
			isa = PBXGroup;
			children = (
				ADF36E082751259F008BA1DB /* Utils */,
				ADF36E21275370A4008BA1DB /* Test */,
				ADF36DF427510F79008BA1DB /* AppDelegate.swift */,
				ADF36DF827510F79008BA1DB /* ViewController.swift */,
				AD731CA3288E96FE006D6EB8 /* Carrot-Bridging-Header.h */,
				ADF36DFA27510F79008BA1DB /* Main.storyboard */,
				ADF36DFD27510F7B008BA1DB /* Assets.xcassets */,
				ADF36DFF27510F7B008BA1DB /* LaunchScreen.storyboard */,
				ADF36E0227510F7B008BA1DB /* Info.plist */,
			);
			path = Carrot;
			sourceTree = "<group>";
		};
		ADF36E082751259F008BA1DB /* Utils */ = {
			isa = PBXGroup;
			children = (
				AD731C8D288E89BD006D6EB8 /* MediaBrowser */,
				ADC94CC528F2CE73008569A4 /* MediaView */,
				AD8C5ECB27F692160008420C /* Macros.swift */,
				ADF36E0D275126AB008BA1DB /* UIView+HUD.swift */,
				ADF36E0B27512667008BA1DB /* HTTP.swift */,
				AD5BF22E2B30145500168DD5 /* HTTPConvenience.swift */,
				ADBBCB9C27F57CB50036AD89 /* Parse.swift */,
				ADF36E09275125B8008BA1DB /* FlowImageView.swift */,
			);
			path = Utils;
			sourceTree = "<group>";
		};
		ADF36E0F2751F560008BA1DB /* FlowImageView */ = {
			isa = PBXGroup;
			children = (
				ADF36E102751F585008BA1DB /* FlowImageViewController.swift */,
				ADF36E112751F585008BA1DB /* FlowImageViewController.xib */,
			);
			path = FlowImageView;
			sourceTree = "<group>";
		};
		ADF36E21275370A4008BA1DB /* Test */ = {
			isa = PBXGroup;
			children = (
				AD731C9C288E8A86006D6EB8 /* MediaBrowser */,
				ADC94CD028F3AB65008569A4 /* MediaView */,
				ADF36E0F2751F560008BA1DB /* FlowImageView */,
			);
			path = Test;
			sourceTree = "<group>";
		};
		BCA9E700F8F6D9310E0BA2B7 /* Frameworks */ = {
			isa = PBXGroup;
			children = (
				6DA2187293594F192E2AFBB9 /* Pods_Carrot.framework */,
			);
			name = Frameworks;
			sourceTree = "<group>";
		};
/* End PBXGroup section */

/* Begin PBXNativeTarget section */
		ADF36DF027510F79008BA1DB /* Carrot */ = {
			isa = PBXNativeTarget;
			buildConfigurationList = ADF36E0527510F7B008BA1DB /* Build configuration list for PBXNativeTarget "Carrot" */;
			buildPhases = (
				8BD43C38E7BDB776A5B4A5B8 /* [CP] Check Pods Manifest.lock */,
				ADF36DED27510F79008BA1DB /* Sources */,
				ADF36DEE27510F79008BA1DB /* Frameworks */,
				ADF36DEF27510F79008BA1DB /* Resources */,
				AF3F1914917FB43D5E37CB08 /* [CP] Embed Pods Frameworks */,
			);
			buildRules = (
			);
			dependencies = (
			);
			name = Carrot;
			productName = Carrot;
			productReference = ADF36DF127510F79008BA1DB /* Carrot.app */;
			productType = "com.apple.product-type.application";
		};
/* End PBXNativeTarget section */

/* Begin PBXProject section */
		ADF36DE927510F79008BA1DB /* Project object */ = {
			isa = PBXProject;
			attributes = {
				BuildIndependentTargetsInParallel = 1;
				LastSwiftUpdateCheck = 1310;
				LastUpgradeCheck = 1310;
				TargetAttributes = {
					ADF36DF027510F79008BA1DB = {
						CreatedOnToolsVersion = 13.1;
						LastSwiftMigration = 1320;
					};
				};
			};
			buildConfigurationList = ADF36DEC27510F79008BA1DB /* Build configuration list for PBXProject "Carrot" */;
			compatibilityVersion = "Xcode 13.0";
			developmentRegion = en;
			hasScannedForEncodings = 0;
			knownRegions = (
				en,
				Base,
			);
			mainGroup = ADF36DE827510F79008BA1DB;
			productRefGroup = ADF36DF227510F79008BA1DB /* Products */;
			projectDirPath = "";
			projectRoot = "";
			targets = (
				ADF36DF027510F79008BA1DB /* Carrot */,
			);
		};
/* End PBXProject section */

/* Begin PBXResourcesBuildPhase section */
		ADF36DEF27510F79008BA1DB /* Resources */ = {
			isa = PBXResourcesBuildPhase;
			buildActionMask = 2147483647;
			files = (
				ADF36E0127510F7B008BA1DB /* LaunchScreen.storyboard in Resources */,
				ADF36DFE27510F7B008BA1DB /* Assets.xcassets in Resources */,
				AD731CA2288E96EB006D6EB8 /* BrowserTestSwiftViewController.xib in Resources */,
				ADF36E132751F585008BA1DB /* FlowImageViewController.xib in Resources */,
				ADF36DFC27510F79008BA1DB /* Main.storyboard in Resources */,
				ADC94CD428F3AB91008569A4 /* MediaViewTestViewController.xib in Resources */,
				AD731CA8288E96FF006D6EB8 /* BrowserTestOCViewController.xib in Resources */,
			);
			runOnlyForDeploymentPostprocessing = 0;
		};
/* End PBXResourcesBuildPhase section */

/* Begin PBXShellScriptBuildPhase section */
		8BD43C38E7BDB776A5B4A5B8 /* [CP] Check Pods Manifest.lock */ = {
			isa = PBXShellScriptBuildPhase;
			buildActionMask = 2147483647;
			files = (
			);
			inputFileListPaths = (
			);
			inputPaths = (
				"${PODS_PODFILE_DIR_PATH}/Podfile.lock",
				"${PODS_ROOT}/Manifest.lock",
			);
			name = "[CP] Check Pods Manifest.lock";
			outputFileListPaths = (
			);
			outputPaths = (
				"$(DERIVED_FILE_DIR)/Pods-Carrot-checkManifestLockResult.txt",
			);
			runOnlyForDeploymentPostprocessing = 0;
			shellPath = /bin/sh;
			shellScript = "diff \"${PODS_PODFILE_DIR_PATH}/Podfile.lock\" \"${PODS_ROOT}/Manifest.lock\" > /dev/null\nif [ $? != 0 ] ; then\n    # print error to STDERR\n    echo \"error: The sandbox is not in sync with the Podfile.lock. Run 'pod install' or update your CocoaPods installation.\" >&2\n    exit 1\nfi\n# This output is used by Xcode 'outputs' to avoid re-running this script phase.\necho \"SUCCESS\" > \"${SCRIPT_OUTPUT_FILE_0}\"\n";
			showEnvVarsInLog = 0;
		};
		AF3F1914917FB43D5E37CB08 /* [CP] Embed Pods Frameworks */ = {
			isa = PBXShellScriptBuildPhase;
			buildActionMask = 2147483647;
			files = (
			);
			inputFileListPaths = (
				"${PODS_ROOT}/Target Support Files/Pods-Carrot/Pods-Carrot-frameworks-${CONFIGURATION}-input-files.xcfilelist",
			);
			name = "[CP] Embed Pods Frameworks";
			outputFileListPaths = (
				"${PODS_ROOT}/Target Support Files/Pods-Carrot/Pods-Carrot-frameworks-${CONFIGURATION}-output-files.xcfilelist",
			);
			runOnlyForDeploymentPostprocessing = 0;
			shellPath = /bin/sh;
			shellScript = "\"${PODS_ROOT}/Target Support Files/Pods-Carrot/Pods-Carrot-frameworks.sh\"\n";
			showEnvVarsInLog = 0;
		};
/* End PBXShellScriptBuildPhase section */

/* Begin PBXSourcesBuildPhase section */
		ADF36DED27510F79008BA1DB /* Sources */ = {
			isa = PBXSourcesBuildPhase;
			buildActionMask = 2147483647;
			files = (
				AD731C9B288E89D6006D6EB8 /* MediaBrowserCellManager.swift in Sources */,
				ADF36DF927510F79008BA1DB /* ViewController.swift in Sources */,
				ADC94CCB28F2D4A1008569A4 /* MediaViewVideoCell.swift in Sources */,
				ADC94CC728F2CE9A008569A4 /* MediaView.swift in Sources */,
				ADF36E0C27512667008BA1DB /* HTTP.swift in Sources */,
				AD731C9A288E89D6006D6EB8 /* MediaBrowserBottomBar.swift in Sources */,
				ADF36E122751F585008BA1DB /* FlowImageViewController.swift in Sources */,
				AD731CA7288E96FF006D6EB8 /* BrowserTestOCViewController.m in Sources */,
				ADC94CCF28F3A81D008569A4 /* MediaViewCellManager.swift in Sources */,
				AD731C9E288E8ADE006D6EB8 /* OCMediaBrowser.swift in Sources */,
				ADF36E0E275126AB008BA1DB /* UIView+HUD.swift in Sources */,
				AD8C5ECC27F692160008420C /* Macros.swift in Sources */,
				AD5BF22F2B30145500168DD5 /* HTTPConvenience.swift in Sources */,
				ADF36E0A275125B8008BA1DB /* FlowImageView.swift in Sources */,
				AD731C95288E89D6006D6EB8 /* MediaBrowser.swift in Sources */,
				AD731C96288E89D6006D6EB8 /* MediaBrowserVideoCell.swift in Sources */,
				AD731C99288E89D6006D6EB8 /* MediaBrowserImageCell.swift in Sources */,
				ADBBCB9D27F57CB50036AD89 /* Parse.swift in Sources */,
				AD731C97288E89D6006D6EB8 /* MediaBrowserItemModel.swift in Sources */,
				ADC94CD328F3AB91008569A4 /* MediaViewTestViewController.swift in Sources */,
				ADC94CCD28F3A7FA008569A4 /* OCMediaView.swift in Sources */,
				ADF36DF527510F79008BA1DB /* AppDelegate.swift in Sources */,
				ADC94CC928F2D487008569A4 /* MediaViewImageCell.swift in Sources */,
				AD731C98288E89D6006D6EB8 /* MediaBrowserTopBar.swift in Sources */,
				AD731CA1288E96EB006D6EB8 /* BrowserTestSwiftViewController.swift in Sources */,
			);
			runOnlyForDeploymentPostprocessing = 0;
		};
/* End PBXSourcesBuildPhase section */

/* Begin PBXVariantGroup section */
		ADF36DFA27510F79008BA1DB /* Main.storyboard */ = {
			isa = PBXVariantGroup;
			children = (
				ADF36DFB27510F79008BA1DB /* Base */,
			);
			name = Main.storyboard;
			sourceTree = "<group>";
		};
		ADF36DFF27510F7B008BA1DB /* LaunchScreen.storyboard */ = {
			isa = PBXVariantGroup;
			children = (
				ADF36E0027510F7B008BA1DB /* Base */,
			);
			name = LaunchScreen.storyboard;
			sourceTree = "<group>";
		};
/* End PBXVariantGroup section */

/* Begin XCBuildConfiguration section */
		ADF36E0327510F7B008BA1DB /* Debug */ = {
			isa = XCBuildConfiguration;
			buildSettings = {
				ALWAYS_SEARCH_USER_PATHS = NO;
				CLANG_ANALYZER_NONNULL = YES;
				CLANG_ANALYZER_NUMBER_OBJECT_CONVERSION = YES_AGGRESSIVE;
				CLANG_CXX_LANGUAGE_STANDARD = "gnu++17";
				CLANG_CXX_LIBRARY = "libc++";
				CLANG_ENABLE_MODULES = YES;
				CLANG_ENABLE_OBJC_ARC = YES;
				CLANG_ENABLE_OBJC_WEAK = YES;
				CLANG_WARN_BLOCK_CAPTURE_AUTORELEASING = YES;
				CLANG_WARN_BOOL_CONVERSION = YES;
				CLANG_WARN_COMMA = YES;
				CLANG_WARN_CONSTANT_CONVERSION = YES;
				CLANG_WARN_DEPRECATED_OBJC_IMPLEMENTATIONS = YES;
				CLANG_WARN_DIRECT_OBJC_ISA_USAGE = YES_ERROR;
				CLANG_WARN_DOCUMENTATION_COMMENTS = YES;
				CLANG_WARN_EMPTY_BODY = YES;
				CLANG_WARN_ENUM_CONVERSION = YES;
				CLANG_WARN_INFINITE_RECURSION = YES;
				CLANG_WARN_INT_CONVERSION = YES;
				CLANG_WARN_NON_LITERAL_NULL_CONVERSION = YES;
				CLANG_WARN_OBJC_IMPLICIT_RETAIN_SELF = YES;
				CLANG_WARN_OBJC_LITERAL_CONVERSION = YES;
				CLANG_WARN_OBJC_ROOT_CLASS = YES_ERROR;
				CLANG_WARN_QUOTED_INCLUDE_IN_FRAMEWORK_HEADER = YES;
				CLANG_WARN_RANGE_LOOP_ANALYSIS = YES;
				CLANG_WARN_STRICT_PROTOTYPES = YES;
				CLANG_WARN_SUSPICIOUS_MOVE = YES;
				CLANG_WARN_UNGUARDED_AVAILABILITY = YES_AGGRESSIVE;
				CLANG_WARN_UNREACHABLE_CODE = YES;
				CLANG_WARN__DUPLICATE_METHOD_MATCH = YES;
				COPY_PHASE_STRIP = NO;
				DEBUG_INFORMATION_FORMAT = dwarf;
				ENABLE_STRICT_OBJC_MSGSEND = YES;
				ENABLE_TESTABILITY = YES;
				GCC_C_LANGUAGE_STANDARD = gnu11;
				GCC_DYNAMIC_NO_PIC = NO;
				GCC_NO_COMMON_BLOCKS = YES;
				GCC_OPTIMIZATION_LEVEL = 0;
				GCC_PREPROCESSOR_DEFINITIONS = (
					"DEBUG=1",
					"$(inherited)",
				);
				GCC_WARN_64_TO_32_BIT_CONVERSION = YES;
				GCC_WARN_ABOUT_RETURN_TYPE = YES_ERROR;
				GCC_WARN_UNDECLARED_SELECTOR = YES;
				GCC_WARN_UNINITIALIZED_AUTOS = YES_AGGRESSIVE;
				GCC_WARN_UNUSED_FUNCTION = YES;
				GCC_WARN_UNUSED_VARIABLE = YES;
				IPHONEOS_DEPLOYMENT_TARGET = 13.0;
				MTL_ENABLE_DEBUG_INFO = INCLUDE_SOURCE;
				MTL_FAST_MATH = YES;
				ONLY_ACTIVE_ARCH = YES;
				SDKROOT = iphoneos;
				SWIFT_ACTIVE_COMPILATION_CONDITIONS = DEBUG;
				SWIFT_OPTIMIZATION_LEVEL = "-Onone";
			};
			name = Debug;
		};
		ADF36E0427510F7B008BA1DB /* Release */ = {
			isa = XCBuildConfiguration;
			buildSettings = {
				ALWAYS_SEARCH_USER_PATHS = NO;
				CLANG_ANALYZER_NONNULL = YES;
				CLANG_ANALYZER_NUMBER_OBJECT_CONVERSION = YES_AGGRESSIVE;
				CLANG_CXX_LANGUAGE_STANDARD = "gnu++17";
				CLANG_CXX_LIBRARY = "libc++";
				CLANG_ENABLE_MODULES = YES;
				CLANG_ENABLE_OBJC_ARC = YES;
				CLANG_ENABLE_OBJC_WEAK = YES;
				CLANG_WARN_BLOCK_CAPTURE_AUTORELEASING = YES;
				CLANG_WARN_BOOL_CONVERSION = YES;
				CLANG_WARN_COMMA = YES;
				CLANG_WARN_CONSTANT_CONVERSION = YES;
				CLANG_WARN_DEPRECATED_OBJC_IMPLEMENTATIONS = YES;
				CLANG_WARN_DIRECT_OBJC_ISA_USAGE = YES_ERROR;
				CLANG_WARN_DOCUMENTATION_COMMENTS = YES;
				CLANG_WARN_EMPTY_BODY = YES;
				CLANG_WARN_ENUM_CONVERSION = YES;
				CLANG_WARN_INFINITE_RECURSION = YES;
				CLANG_WARN_INT_CONVERSION = YES;
				CLANG_WARN_NON_LITERAL_NULL_CONVERSION = YES;
				CLANG_WARN_OBJC_IMPLICIT_RETAIN_SELF = YES;
				CLANG_WARN_OBJC_LITERAL_CONVERSION = YES;
				CLANG_WARN_OBJC_ROOT_CLASS = YES_ERROR;
				CLANG_WARN_QUOTED_INCLUDE_IN_FRAMEWORK_HEADER = YES;
				CLANG_WARN_RANGE_LOOP_ANALYSIS = YES;
				CLANG_WARN_STRICT_PROTOTYPES = YES;
				CLANG_WARN_SUSPICIOUS_MOVE = YES;
				CLANG_WARN_UNGUARDED_AVAILABILITY = YES_AGGRESSIVE;
				CLANG_WARN_UNREACHABLE_CODE = YES;
				CLANG_WARN__DUPLICATE_METHOD_MATCH = YES;
				COPY_PHASE_STRIP = NO;
				DEBUG_INFORMATION_FORMAT = "dwarf-with-dsym";
				ENABLE_NS_ASSERTIONS = NO;
				ENABLE_STRICT_OBJC_MSGSEND = YES;
				GCC_C_LANGUAGE_STANDARD = gnu11;
				GCC_NO_COMMON_BLOCKS = YES;
				GCC_WARN_64_TO_32_BIT_CONVERSION = YES;
				GCC_WARN_ABOUT_RETURN_TYPE = YES_ERROR;
				GCC_WARN_UNDECLARED_SELECTOR = YES;
				GCC_WARN_UNINITIALIZED_AUTOS = YES_AGGRESSIVE;
				GCC_WARN_UNUSED_FUNCTION = YES;
				GCC_WARN_UNUSED_VARIABLE = YES;
				IPHONEOS_DEPLOYMENT_TARGET = 13.0;
				MTL_ENABLE_DEBUG_INFO = NO;
				MTL_FAST_MATH = YES;
				SDKROOT = iphoneos;
				SWIFT_COMPILATION_MODE = wholemodule;
				SWIFT_OPTIMIZATION_LEVEL = "-O";
				VALIDATE_PRODUCT = YES;
			};
			name = Release;
		};
		ADF36E0627510F7B008BA1DB /* Debug */ = {
			isa = XCBuildConfiguration;
			baseConfigurationReference = 03830C1278EC4B03942288AD /* Pods-Carrot.debug.xcconfig */;
			buildSettings = {
				ASSETCATALOG_COMPILER_APPICON_NAME = AppIcon;
				ASSETCATALOG_COMPILER_GLOBAL_ACCENT_COLOR_NAME = AccentColor;
				CLANG_ENABLE_MODULES = YES;
				CODE_SIGN_STYLE = Automatic;
				CURRENT_PROJECT_VERSION = 1;
				DEVELOPMENT_TEAM = 3Z9M53XYF8;
				GENERATE_INFOPLIST_FILE = YES;
				INFOPLIST_FILE = Carrot/Info.plist;
				INFOPLIST_KEY_UIApplicationSupportsIndirectInputEvents = YES;
				INFOPLIST_KEY_UILaunchStoryboardName = LaunchScreen;
				INFOPLIST_KEY_UIMainStoryboardFile = Main;
				INFOPLIST_KEY_UISupportedInterfaceOrientations = UIInterfaceOrientationPortrait;
				INFOPLIST_KEY_UISupportedInterfaceOrientations_iPad = "UIInterfaceOrientationPortrait UIInterfaceOrientationPortraitUpsideDown UIInterfaceOrientationLandscapeLeft UIInterfaceOrientationLandscapeRight";
				INFOPLIST_KEY_UISupportedInterfaceOrientations_iPhone = "UIInterfaceOrientationPortrait UIInterfaceOrientationLandscapeLeft UIInterfaceOrientationLandscapeRight";
				IPHONEOS_DEPLOYMENT_TARGET = 13.0;
				LD_RUNPATH_SEARCH_PATHS = (
					"$(inherited)",
					"@executable_path/Frameworks",
				);
				MARKETING_VERSION = 1.0;
				PRODUCT_BUNDLE_IDENTIFIER = cn.ebamboo.Carrot;
				PRODUCT_NAME = "$(TARGET_NAME)";
				SWIFT_EMIT_LOC_STRINGS = YES;
				SWIFT_OBJC_BRIDGING_HEADER = "Carrot/Carrot-Bridging-Header.h";
				SWIFT_OPTIMIZATION_LEVEL = "-Onone";
				SWIFT_VERSION = 5.0;
				TARGETED_DEVICE_FAMILY = 1;
			};
			name = Debug;
		};
		ADF36E0727510F7B008BA1DB /* Release */ = {
			isa = XCBuildConfiguration;
			baseConfigurationReference = 01615ADE153C43FC73D6ECBF /* Pods-Carrot.release.xcconfig */;
			buildSettings = {
				ASSETCATALOG_COMPILER_APPICON_NAME = AppIcon;
				ASSETCATALOG_COMPILER_GLOBAL_ACCENT_COLOR_NAME = AccentColor;
				CLANG_ENABLE_MODULES = YES;
				CODE_SIGN_STYLE = Automatic;
				CURRENT_PROJECT_VERSION = 1;
				DEVELOPMENT_TEAM = 3Z9M53XYF8;
				GENERATE_INFOPLIST_FILE = YES;
				INFOPLIST_FILE = Carrot/Info.plist;
				INFOPLIST_KEY_UIApplicationSupportsIndirectInputEvents = YES;
				INFOPLIST_KEY_UILaunchStoryboardName = LaunchScreen;
				INFOPLIST_KEY_UIMainStoryboardFile = Main;
				INFOPLIST_KEY_UISupportedInterfaceOrientations = UIInterfaceOrientationPortrait;
				INFOPLIST_KEY_UISupportedInterfaceOrientations_iPad = "UIInterfaceOrientationPortrait UIInterfaceOrientationPortraitUpsideDown UIInterfaceOrientationLandscapeLeft UIInterfaceOrientationLandscapeRight";
				INFOPLIST_KEY_UISupportedInterfaceOrientations_iPhone = "UIInterfaceOrientationPortrait UIInterfaceOrientationLandscapeLeft UIInterfaceOrientationLandscapeRight";
				IPHONEOS_DEPLOYMENT_TARGET = 13.0;
				LD_RUNPATH_SEARCH_PATHS = (
					"$(inherited)",
					"@executable_path/Frameworks",
				);
				MARKETING_VERSION = 1.0;
				PRODUCT_BUNDLE_IDENTIFIER = cn.ebamboo.Carrot;
				PRODUCT_NAME = "$(TARGET_NAME)";
				SWIFT_EMIT_LOC_STRINGS = YES;
				SWIFT_OBJC_BRIDGING_HEADER = "Carrot/Carrot-Bridging-Header.h";
				SWIFT_VERSION = 5.0;
				TARGETED_DEVICE_FAMILY = 1;
			};
			name = Release;
		};
/* End XCBuildConfiguration section */

/* Begin XCConfigurationList section */
		ADF36DEC27510F79008BA1DB /* Build configuration list for PBXProject "Carrot" */ = {
			isa = XCConfigurationList;
			buildConfigurations = (
				ADF36E0327510F7B008BA1DB /* Debug */,
				ADF36E0427510F7B008BA1DB /* Release */,
			);
			defaultConfigurationIsVisible = 0;
			defaultConfigurationName = Release;
		};
		ADF36E0527510F7B008BA1DB /* Build configuration list for PBXNativeTarget "Carrot" */ = {
			isa = XCConfigurationList;
			buildConfigurations = (
				ADF36E0627510F7B008BA1DB /* Debug */,
				ADF36E0727510F7B008BA1DB /* Release */,
			);
			defaultConfigurationIsVisible = 0;
			defaultConfigurationName = Release;
		};
/* End XCConfigurationList section */
	};
	rootObject = ADF36DE927510F79008BA1DB /* Project object */;
}
