// !$*UTF8*$!
{
	archiveVersion = 1;
	classes = {
	};
	objectVersion = 55;
	objects = {

/* Begin PBXBuildFile section */
		AD8C5ECC27F692160008420C /* Macros.swift in Sources */ = {isa = PBXBuildFile; fileRef = AD8C5ECB27F692160008420C /* Macros.swift */; };
		ADBBCB9D27F57CB50036AD89 /* Parse.swift in Sources */ = {isa = PBXBuildFile; fileRef = ADBBCB9C27F57CB50036AD89 /* Parse.swift */; };
		ADF36DF527510F79008BA1DB /* AppDelegate.swift in Sources */ = {isa = PBXBuildFile; fileRef = ADF36DF427510F79008BA1DB /* AppDelegate.swift */; };
		ADF36DF927510F79008BA1DB /* ViewController.swift in Sources */ = {isa = PBXBuildFile; fileRef = ADF36DF827510F79008BA1DB /* ViewController.swift */; };
		ADF36DFC27510F79008BA1DB /* Main.storyboard in Resources */ = {isa = PBXBuildFile; fileRef = ADF36DFA27510F79008BA1DB /* Main.storyboard */; };
		ADF36DFE27510F7B008BA1DB /* Assets.xcassets in Resources */ = {isa = PBXBuildFile; fileRef = ADF36DFD27510F7B008BA1DB /* Assets.xcassets */; };
		ADF36E0127510F7B008BA1DB /* LaunchScreen.storyboard in Resources */ = {isa = PBXBuildFile; fileRef = ADF36DFF27510F7B008BA1DB /* LaunchScreen.storyboard */; };
		ADF36E0A275125B8008BA1DB /* FlowImageView.swift in Sources */ = {isa = PBXBuildFile; fileRef = ADF36E09275125B8008BA1DB /* FlowImageView.swift */; };
		ADF36E0C27512667008BA1DB /* HTTP.swift in Sources */ = {isa = PBXBuildFile; fileRef = ADF36E0B27512667008BA1DB /* HTTP.swift */; };
		ADF36E0E275126AB008BA1DB /* UIView+HUD.swift in Sources */ = {isa = PBXBuildFile; fileRef = ADF36E0D275126AB008BA1DB /* UIView+HUD.swift */; };
		ADF36E122751F585008BA1DB /* FlowImageViewController.swift in Sources */ = {isa = PBXBuildFile; fileRef = ADF36E102751F585008BA1DB /* FlowImageViewController.swift */; };
		ADF36E132751F585008BA1DB /* FlowImageViewController.xib in Resources */ = {isa = PBXBuildFile; fileRef = ADF36E112751F585008BA1DB /* FlowImageViewController.xib */; };
		DA0195F7760AEACEB4198AD0 /* Pods_Carrot.framework in Frameworks */ = {isa = PBXBuildFile; fileRef = 6DA2187293594F192E2AFBB9 /* Pods_Carrot.framework */; };
/* End PBXBuildFile section */

/* Begin PBXFileReference section */
		01615ADE153C43FC73D6ECBF /* Pods-Carrot.release.xcconfig */ = {isa = PBXFileReference; includeInIndex = 1; lastKnownFileType = text.xcconfig; name = "Pods-Carrot.release.xcconfig"; path = "Target Support Files/Pods-Carrot/Pods-Carrot.release.xcconfig"; sourceTree = "<group>"; };
		03830C1278EC4B03942288AD /* Pods-Carrot.debug.xcconfig */ = {isa = PBXFileReference; includeInIndex = 1; lastKnownFileType = text.xcconfig; name = "Pods-Carrot.debug.xcconfig"; path = "Target Support Files/Pods-Carrot/Pods-Carrot.debug.xcconfig"; sourceTree = "<group>"; };
		6DA2187293594F192E2AFBB9 /* Pods_Carrot.framework */ = {isa = PBXFileReference; explicitFileType = wrapper.framework; includeInIndex = 0; path = Pods_Carrot.framework; sourceTree = BUILT_PRODUCTS_DIR; };
		AD8C5ECB27F692160008420C /* Macros.swift */ = {isa = PBXFileReference; fileEncoding = 4; lastKnownFileType = sourcecode.swift; path = Macros.swift; sourceTree = "<group>"; };
		ADBBCB9C27F57CB50036AD89 /* Parse.swift */ = {isa = PBXFileReference; fileEncoding = 4; lastKnownFileType = sourcecode.swift; path = Parse.swift; sourceTree = "<group>"; };
		ADF36DF127510F79008BA1DB /* Carrot.app */ = {isa = PBXFileReference; explicitFileType = wrapper.application; includeInIndex = 0; path = Carrot.app; sourceTree = BUILT_PRODUCTS_DIR; };
		ADF36DF427510F79008BA1DB /* AppDelegate.swift */ = {isa = PBXFileReference; lastKnownFileType = sourcecode.swift; path = AppDelegate.swift; sourceTree = "<group>"; };
		ADF36DF827510F79008BA1DB /* ViewController.swift */ = {isa = PBXFileReference; lastKnownFileType = sourcecode.swift; path = ViewController.swift; sourceTree = "<group>"; };
		ADF36DFB27510F79008BA1DB /* Base */ = {isa = PBXFileReference; lastKnownFileType = file.storyboard; name = Base; path = Base.lproj/Main.storyboard; sourceTree = "<group>"; };
		ADF36DFD27510F7B008BA1DB /* Assets.xcassets */ = {isa = PBXFileReference; lastKnownFileType = folder.assetcatalog; path = Assets.xcassets; sourceTree = "<group>"; };
		ADF36E0027510F7B008BA1DB /* Base */ = {isa = PBXFileReference; lastKnownFileType = file.storyboard; name = Base; path = Base.lproj/LaunchScreen.storyboard; sourceTree = "<group>"; };
		ADF36E0227510F7B008BA1DB /* Info.plist */ = {isa = PBXFileReference; lastKnownFileType = text.plist.xml; path = Info.plist; sourceTree = "<group>"; };
		ADF36E09275125B8008BA1DB /* FlowImageView.swift */ = {isa = PBXFileReference; fileEncoding = 4; lastKnownFileType = sourcecode.swift; path = FlowImageView.swift; sourceTree = "<group>"; };
		ADF36E0B27512667008BA1DB /* HTTP.swift */ = {isa = PBXFileReference; fileEncoding = 4; lastKnownFileType = sourcecode.swift; path = HTTP.swift; sourceTree = "<group>"; };
		ADF36E0D275126AB008BA1DB /* UIView+HUD.swift */ = {isa = PBXFileReference; fileEncoding = 4; lastKnownFileType = sourcecode.swift; path = "UIView+HUD.swift"; sourceTree = "<group>"; };
		ADF36E102751F585008BA1DB /* FlowImageViewController.swift */ = {isa = PBXFileReference; lastKnownFileType = sourcecode.swift; path = FlowImageViewController.swift; sourceTree = "<group>"; };
		ADF36E112751F585008BA1DB /* FlowImageViewController.xib */ = {isa = PBXFileReference; lastKnownFileType = file.xib; path = FlowImageViewController.xib; sourceTree = "<group>"; };
/* End PBXFileReference section */

/* Begin PBXFrameworksBuildPhase section */
		ADF36DEE27510F79008BA1DB /* Frameworks */ = {
			isa = PBXFrameworksBuildPhase;
			buildActionMask = 2147483647;
			files = (
				DA0195F7760AEACEB4198AD0 /* Pods_Carrot.framework in Frameworks */,
			);
			runOnlyForDeploymentPostprocessing = 0;
		};
/* End PBXFrameworksBuildPhase section */

/* Begin PBXGroup section */
		5F573DB12231552EC0106A19 /* Pods */ = {
			isa = PBXGroup;
			children = (
				03830C1278EC4B03942288AD /* Pods-Carrot.debug.xcconfig */,
				01615ADE153C43FC73D6ECBF /* Pods-Carrot.release.xcconfig */,
			);
			path = Pods;
			sourceTree = "<group>";
		};
		ADF36DE827510F79008BA1DB = {
			isa = PBXGroup;
			children = (
				ADF36DF327510F79008BA1DB /* Carrot */,
				ADF36DF227510F79008BA1DB /* Products */,
				5F573DB12231552EC0106A19 /* Pods */,
				BCA9E700F8F6D9310E0BA2B7 /* Frameworks */,
			);
			sourceTree = "<group>";
		};
		ADF36DF227510F79008BA1DB /* Products */ = {
			isa = PBXGroup;
			children = (
				ADF36DF127510F79008BA1DB /* Carrot.app */,
			);
			name = Products;
			sourceTree = "<group>";
		};
		ADF36DF327510F79008BA1DB /* Carrot */ = {
			isa = PBXGroup;
			children = (
				ADF36E082751259F008BA1DB /* Utils */,
				ADF36E21275370A4008BA1DB /* Test */,
				ADF36DF427510F79008BA1DB /* AppDelegate.swift */,
				ADF36DF827510F79008BA1DB /* ViewController.swift */,
				ADF36DFA27510F79008BA1DB /* Main.storyboard */,
				ADF36DFD27510F7B008BA1DB /* Assets.xcassets */,
				ADF36DFF27510F7B008BA1DB /* LaunchScreen.storyboard */,
				ADF36E0227510F7B008BA1DB /* Info.plist */,
			);
			path = Carrot;
			sourceTree = "<group>";
		};
		ADF36E082751259F008BA1DB /* Utils */ = {
			isa = PBXGroup;
			children = (
				AD8C5ECB27F692160008420C /* Macros.swift */,
				ADF36E0D275126AB008BA1DB /* UIView+HUD.swift */,
				ADF36E0B27512667008BA1DB /* HTTP.swift */,
				ADBBCB9C27F57CB50036AD89 /* Parse.swift */,
				ADF36E09275125B8008BA1DB /* FlowImageView.swift */,
			);
			path = Utils;
			sourceTree = "<group>";
		};
		ADF36E0F2751F560008BA1DB /* FlowImageView */ = {
			isa = PBXGroup;
			children = (
				ADF36E102751F585008BA1DB /* FlowImageViewController.swift */,
				ADF36E112751F585008BA1DB /* FlowImageViewController.xib */,
			);
			path = FlowImageView;
			sourceTree = "<group>";
		};
		ADF36E21275370A4008BA1DB /* Test */ = {
			isa = PBXGroup;
			children = (
				ADF36E0F2751F560008BA1DB /* FlowImageView */,
			);
			path = Test;
			sourceTree = "<group>";
		};
		BCA9E700F8F6D9310E0BA2B7 /* Frameworks */ = {
			isa = PBXGroup;
			children = (
				6DA2187293594F192E2AFBB9 /* Pods_Carrot.framework */,
			);
			name = Frameworks;
			sourceTree = "<group>";
		};
/* End PBXGroup section */

/* Begin PBXNativeTarget section */
		ADF36DF027510F79008BA1DB /* Carrot */ = {
			isa = PBXNativeTarget;
			buildConfigurationList = ADF36E0527510F7B008BA1DB /* Build configuration list for PBXNativeTarget "Carrot" */;
			buildPhases = (
				8BD43C38E7BDB776A5B4A5B8 /* [CP] Check Pods Manifest.lock */,
				ADF36DED27510F79008BA1DB /* Sources */,
				ADF36DEE27510F79008BA1DB /* Frameworks */,
				ADF36DEF27510F79008BA1DB /* Resources */,
				AF3F1914917FB43D5E37CB08 /* [CP] Embed Pods Frameworks */,
			);
			buildRules = (
			);
			dependencies = (
			);
			name = Carrot;
			productName = Carrot;
			productReference = ADF36DF127510F79008BA1DB /* Carrot.app */;
			productType = "com.apple.product-type.application";
		};
/* End PBXNativeTarget section */

/* Begin PBXProject section */
		ADF36DE927510F79008BA1DB /* Project object */ = {
			isa = PBXProject;
			attributes = {
				BuildIndependentTargetsInParallel = 1;
				LastSwiftUpdateCheck = 1310;
				LastUpgradeCheck = 1310;
				TargetAttributes = {
					ADF36DF027510F79008BA1DB = {
						CreatedOnToolsVersion = 13.1;
					};
				};
			};
			buildConfigurationList = ADF36DEC27510F79008BA1DB /* Build configuration list for PBXProject "Carrot" */;
			compatibilityVersion = "Xcode 13.0";
			developmentRegion = en;
			hasScannedForEncodings = 0;
			knownRegions = (
				en,
				Base,
			);
			mainGroup = ADF36DE827510F79008BA1DB;
			productRefGroup = ADF36DF227510F79008BA1DB /* Products */;
			projectDirPath = "";
			projectRoot = "";
			targets = (
				ADF36DF027510F79008BA1DB /* Carrot */,
			);
		};
/* End PBXProject section */

/* Begin PBXResourcesBuildPhase section */
		ADF36DEF27510F79008BA1DB /* Resources */ = {
			isa = PBXResourcesBuildPhase;
			buildActionMask = 2147483647;
			files = (
				ADF36E0127510F7B008BA1DB /* LaunchScreen.storyboard in Resources */,
				ADF36DFE27510F7B008BA1DB /* Assets.xcassets in Resources */,
				ADF36E132751F585008BA1DB /* FlowImageViewController.xib in Resources */,
				ADF36DFC27510F79008BA1DB /* Main.storyboard in Resources */,
			);
			runOnlyForDeploymentPostprocessing = 0;
		};
/* End PBXResourcesBuildPhase section */

/* Begin PBXShellScriptBuildPhase section */
		8BD43C38E7BDB776A5B4A5B8 /* [CP] Check Pods Manifest.lock */ = {
			isa = PBXShellScriptBuildPhase;
			buildActionMask = 2147483647;
			files = (
			);
			inputFileListPaths = (
			);
			inputPaths = (
				"${PODS_PODFILE_DIR_PATH}/Podfile.lock",
				"${PODS_ROOT}/Manifest.lock",
			);
			name = "[CP] Check Pods Manifest.lock";
			outputFileListPaths = (
			);
			outputPaths = (
				"$(DERIVED_FILE_DIR)/Pods-Carrot-checkManifestLockResult.txt",
			);
			runOnlyForDeploymentPostprocessing = 0;
			shellPath = /bin/sh;
			shellScript = "diff \"${PODS_PODFILE_DIR_PATH}/Podfile.lock\" \"${PODS_ROOT}/Manifest.lock\" > /dev/null\nif [ $? != 0 ] ; then\n    # print error to STDERR\n    echo \"error: The sandbox is not in sync with the Podfile.lock. Run 'pod install' or update your CocoaPods installation.\" >&2\n    exit 1\nfi\n# This output is used by Xcode 'outputs' to avoid re-running this script phase.\necho \"SUCCESS\" > \"${SCRIPT_OUTPUT_FILE_0}\"\n";
			showEnvVarsInLog = 0;
		};
		AF3F1914917FB43D5E37CB08 /* [CP] Embed Pods Frameworks */ = {
			isa = PBXShellScriptBuildPhase;
			buildActionMask = 2147483647;
			files = (
			);
			inputFileListPaths = (
				"${PODS_ROOT}/Target Support Files/Pods-Carrot/Pods-Carrot-frameworks-${CONFIGURATION}-input-files.xcfilelist",
			);
			name = "[CP] Embed Pods Frameworks";
			outputFileListPaths = (
				"${PODS_ROOT}/Target Support Files/Pods-Carrot/Pods-Carrot-frameworks-${CONFIGURATION}-output-files.xcfilelist",
			);
			runOnlyForDeploymentPostprocessing = 0;
			shellPath = /bin/sh;
			shellScript = "\"${PODS_ROOT}/Target Support Files/Pods-Carrot/Pods-Carrot-frameworks.sh\"\n";
			showEnvVarsInLog = 0;
		};
/* End PBXShellScriptBuildPhase section */

/* Begin PBXSourcesBuildPhase section */
		ADF36DED27510F79008BA1DB /* Sources */ = {
			isa = PBXSourcesBuildPhase;
			buildActionMask = 2147483647;
			files = (
				ADF36DF927510F79008BA1DB /* ViewController.swift in Sources */,
				ADF36E0C27512667008BA1DB /* HTTP.swift in Sources */,
				ADF36E122751F585008BA1DB /* FlowImageViewController.swift in Sources */,
				ADF36E0E275126AB008BA1DB /* UIView+HUD.swift in Sources */,
				AD8C5ECC27F692160008420C /* Macros.swift in Sources */,
				ADF36E0A275125B8008BA1DB /* FlowImageView.swift in Sources */,
				ADBBCB9D27F57CB50036AD89 /* Parse.swift in Sources */,
				ADF36DF527510F79008BA1DB /* AppDelegate.swift in Sources */,
			);
			runOnlyForDeploymentPostprocessing = 0;
		};
/* End PBXSourcesBuildPhase section */

/* Begin PBXVariantGroup section */
		ADF36DFA27510F79008BA1DB /* Main.storyboard */ = {
			isa = PBXVariantGroup;
			children = (
				ADF36DFB27510F79008BA1DB /* Base */,
			);
			name = Main.storyboard;
			sourceTree = "<group>";
		};
		ADF36DFF27510F7B008BA1DB /* LaunchScreen.storyboard */ = {
			isa = PBXVariantGroup;
			children = (
				ADF36E0027510F7B008BA1DB /* Base */,
			);
			name = LaunchScreen.storyboard;
			sourceTree = "<group>";
		};
/* End PBXVariantGroup section */

/* Begin XCBuildConfiguration section */
		ADF36E0327510F7B008BA1DB /* Debug */ = {
			isa = XCBuildConfiguration;
			buildSettings = {
				ALWAYS_SEARCH_USER_PATHS = NO;
				CLANG_ANALYZER_NONNULL = YES;
				CLANG_ANALYZER_NUMBER_OBJECT_CONVERSION = YES_AGGRESSIVE;
				CLANG_CXX_LANGUAGE_STANDARD = "gnu++17";
				CLANG_CXX_LIBRARY = "libc++";
				CLANG_ENABLE_MODULES = YES;
				CLANG_ENABLE_OBJC_ARC = YES;
				CLANG_ENABLE_OBJC_WEAK = YES;
				CLANG_WARN_BLOCK_CAPTURE_AUTORELEASING = YES;
				CLANG_WARN_BOOL_CONVERSION = YES;
				CLANG_WARN_COMMA = YES;
				CLANG_WARN_CONSTANT_CONVERSION = YES;
				CLANG_WARN_DEPRECATED_OBJC_IMPLEMENTATIONS = YES;
				CLANG_WARN_DIRECT_OBJC_ISA_USAGE = YES_ERROR;
				CLANG_WARN_DOCUMENTATION_COMMENTS = YES;
				CLANG_WARN_EMPTY_BODY = YES;
				CLANG_WARN_ENUM_CONVERSION = YES;
				CLANG_WARN_INFINITE_RECURSION = YES;
				CLANG_WARN_INT_CONVERSION = YES;
				CLANG_WARN_NON_LITERAL_NULL_CONVERSION = YES;
				CLANG_WARN_OBJC_IMPLICIT_RETAIN_SELF = YES;
				CLANG_WARN_OBJC_LITERAL_CONVERSION = YES;
				CLANG_WARN_OBJC_ROOT_CLASS = YES_ERROR;
				CLANG_WARN_QUOTED_INCLUDE_IN_FRAMEWORK_HEADER = YES;
				CLANG_WARN_RANGE_LOOP_ANALYSIS = YES;
				CLANG_WARN_STRICT_PROTOTYPES = YES;
				CLANG_WARN_SUSPICIOUS_MOVE = YES;
				CLANG_WARN_UNGUARDED_AVAILABILITY = YES_AGGRESSIVE;
				CLANG_WARN_UNREACHABLE_CODE = YES;
				CLANG_WARN__DUPLICATE_METHOD_MATCH = YES;
				COPY_PHASE_STRIP = NO;
				DEBUG_INFORMATION_FORMAT = dwarf;
				ENABLE_STRICT_OBJC_MSGSEND = YES;
				ENABLE_TESTABILITY = YES;
				GCC_C_LANGUAGE_STANDARD = gnu11;
				GCC_DYNAMIC_NO_PIC = NO;
				GCC_NO_COMMON_BLOCKS = YES;
				GCC_OPTIMIZATION_LEVEL = 0;
				GCC_PREPROCESSOR_DEFINITIONS = (
					"DEBUG=1",
					"$(inherited)",
				);
				GCC_WARN_64_TO_32_BIT_CONVERSION = YES;
				GCC_WARN_ABOUT_RETURN_TYPE = YES_ERROR;
				GCC_WARN_UNDECLARED_SELECTOR = YES;
				GCC_WARN_UNINITIALIZED_AUTOS = YES_AGGRESSIVE;
				GCC_WARN_UNUSED_FUNCTION = YES;
				GCC_WARN_UNUSED_VARIABLE = YES;
				IPHONEOS_DEPLOYMENT_TARGET = 11.0;
				MTL_ENABLE_DEBUG_INFO = INCLUDE_SOURCE;
				MTL_FAST_MATH = YES;
				ONLY_ACTIVE_ARCH = YES;
				SDKROOT = iphoneos;
				SWIFT_ACTIVE_COMPILATION_CONDITIONS = DEBUG;
				SWIFT_OPTIMIZATION_LEVEL = "-Onone";
			};
			name = Debug;
		};
		ADF36E0427510F7B008BA1DB /* Release */ = {
			isa = XCBuildConfiguration;
			buildSettings = {
				ALWAYS_SEARCH_USER_PATHS = NO;
				CLANG_ANALYZER_NONNULL = YES;
				CLANG_ANALYZER_NUMBER_OBJECT_CONVERSION = YES_AGGRESSIVE;
				CLANG_CXX_LANGUAGE_STANDARD = "gnu++17";
				CLANG_CXX_LIBRARY = "libc++";
				CLANG_ENABLE_MODULES = YES;
				CLANG_ENABLE_OBJC_ARC = YES;
				CLANG_ENABLE_OBJC_WEAK = YES;
				CLANG_WARN_BLOCK_CAPTURE_AUTORELEASING = YES;
				CLANG_WARN_BOOL_CONVERSION = YES;
				CLANG_WARN_COMMA = YES;
				CLANG_WARN_CONSTANT_CONVERSION = YES;
				CLANG_WARN_DEPRECATED_OBJC_IMPLEMENTATIONS = YES;
				CLANG_WARN_DIRECT_OBJC_ISA_USAGE = YES_ERROR;
				CLANG_WARN_DOCUMENTATION_COMMENTS = YES;
				CLANG_WARN_EMPTY_BODY = YES;
				CLANG_WARN_ENUM_CONVERSION = YES;
				CLANG_WARN_INFINITE_RECURSION = YES;
				CLANG_WARN_INT_CONVERSION = YES;
				CLANG_WARN_NON_LITERAL_NULL_CONVERSION = YES;
				CLANG_WARN_OBJC_IMPLICIT_RETAIN_SELF = YES;
				CLANG_WARN_OBJC_LITERAL_CONVERSION = YES;
				CLANG_WARN_OBJC_ROOT_CLASS = YES_ERROR;
				CLANG_WARN_QUOTED_INCLUDE_IN_FRAMEWORK_HEADER = YES;
				CLANG_WARN_RANGE_LOOP_ANALYSIS = YES;
				CLANG_WARN_STRICT_PROTOTYPES = YES;
				CLANG_WARN_SUSPICIOUS_MOVE = YES;
				CLANG_WARN_UNGUARDED_AVAILABILITY = YES_AGGRESSIVE;
				CLANG_WARN_UNREACHABLE_CODE = YES;
				CLANG_WARN__DUPLICATE_METHOD_MATCH = YES;
				COPY_PHASE_STRIP = NO;
				DEBUG_INFORMATION_FORMAT = "dwarf-with-dsym";
				ENABLE_NS_ASSERTIONS = NO;
				ENABLE_STRICT_OBJC_MSGSEND = YES;
				GCC_C_LANGUAGE_STANDARD = gnu11;
				GCC_NO_COMMON_BLOCKS = YES;
				GCC_WARN_64_TO_32_BIT_CONVERSION = YES;
				GCC_WARN_ABOUT_RETURN_TYPE = YES_ERROR;
				GCC_WARN_UNDECLARED_SELECTOR = YES;
				GCC_WARN_UNINITIALIZED_AUTOS = YES_AGGRESSIVE;
				GCC_WARN_UNUSED_FUNCTION = YES;
				GCC_WARN_UNUSED_VARIABLE = YES;
				IPHONEOS_DEPLOYMENT_TARGET = 11.0;
				MTL_ENABLE_DEBUG_INFO = NO;
				MTL_FAST_MATH = YES;
				SDKROOT = iphoneos;
				SWIFT_COMPILATION_MODE = wholemodule;
				SWIFT_OPTIMIZATION_LEVEL = "-O";
				VALIDATE_PRODUCT = YES;
			};
			name = Release;
		};
		ADF36E0627510F7B008BA1DB /* Debug */ = {
			isa = XCBuildConfiguration;
			baseConfigurationReference = 03830C1278EC4B03942288AD /* Pods-Carrot.debug.xcconfig */;
			buildSettings = {
				ASSETCATALOG_COMPILER_APPICON_NAME = AppIcon;
				ASSETCATALOG_COMPILER_GLOBAL_ACCENT_COLOR_NAME = AccentColor;
				CODE_SIGN_STYLE = Automatic;
				CURRENT_PROJECT_VERSION = 1;
				GENERATE_INFOPLIST_FILE = YES;
				INFOPLIST_FILE = Carrot/Info.plist;
				INFOPLIST_KEY_UIApplicationSupportsIndirectInputEvents = YES;
				INFOPLIST_KEY_UILaunchStoryboardName = LaunchScreen;
				INFOPLIST_KEY_UIMainStoryboardFile = Main;
				INFOPLIST_KEY_UISupportedInterfaceOrientations = UIInterfaceOrientationPortrait;
				INFOPLIST_KEY_UISupportedInterfaceOrientations_iPad = "UIInterfaceOrientationPortrait UIInterfaceOrientationPortraitUpsideDown UIInterfaceOrientationLandscapeLeft UIInterfaceOrientationLandscapeRight";
				INFOPLIST_KEY_UISupportedInterfaceOrientations_iPhone = "UIInterfaceOrientationPortrait UIInterfaceOrientationLandscapeLeft UIInterfaceOrientationLandscapeRight";
				IPHONEOS_DEPLOYMENT_TARGET = 11.0;
				LD_RUNPATH_SEARCH_PATHS = (
					"$(inherited)",
					"@executable_path/Frameworks",
				);
				MARKETING_VERSION = 1.0;
				PRODUCT_BUNDLE_IDENTIFIER = cn.ebamboo.Carrot;
				PRODUCT_NAME = "$(TARGET_NAME)";
				SWIFT_EMIT_LOC_STRINGS = YES;
				SWIFT_VERSION = 5.0;
				TARGETED_DEVICE_FAMILY = 1;
			};
			name = Debug;
		};
		ADF36E0727510F7B008BA1DB /* Release */ = {
			isa = XCBuildConfiguration;
			baseConfigurationReference = 01615ADE153C43FC73D6ECBF /* Pods-Carrot.release.xcconfig */;
			buildSettings = {
				ASSETCATALOG_COMPILER_APPICON_NAME = AppIcon;
				ASSETCATALOG_COMPILER_GLOBAL_ACCENT_COLOR_NAME = AccentColor;
				CODE_SIGN_STYLE = Automatic;
				CURRENT_PROJECT_VERSION = 1;
				GENERATE_INFOPLIST_FILE = YES;
				INFOPLIST_FILE = Carrot/Info.plist;
				INFOPLIST_KEY_UIApplicationSupportsIndirectInputEvents = YES;
				INFOPLIST_KEY_UILaunchStoryboardName = LaunchScreen;
				INFOPLIST_KEY_UIMainStoryboardFile = Main;
				INFOPLIST_KEY_UISupportedInterfaceOrientations = UIInterfaceOrientationPortrait;
				INFOPLIST_KEY_UISupportedInterfaceOrientations_iPad = "UIInterfaceOrientationPortrait UIInterfaceOrientationPortraitUpsideDown UIInterfaceOrientationLandscapeLeft UIInterfaceOrientationLandscapeRight";
				INFOPLIST_KEY_UISupportedInterfaceOrientations_iPhone = "UIInterfaceOrientationPortrait UIInterfaceOrientationLandscapeLeft UIInterfaceOrientationLandscapeRight";
				IPHONEOS_DEPLOYMENT_TARGET = 11.0;
				LD_RUNPATH_SEARCH_PATHS = (
					"$(inherited)",
					"@executable_path/Frameworks",
				);
				MARKETING_VERSION = 1.0;
				PRODUCT_BUNDLE_IDENTIFIER = cn.ebamboo.Carrot;
				PRODUCT_NAME = "$(TARGET_NAME)";
				SWIFT_EMIT_LOC_STRINGS = YES;
				SWIFT_VERSION = 5.0;
				TARGETED_DEVICE_FAMILY = 1;
			};
			name = Release;
		};
/* End XCBuildConfiguration section */

/* Begin XCConfigurationList section */
		ADF36DEC27510F79008BA1DB /* Build configuration list for PBXProject "Carrot" */ = {
			isa = XCConfigurationList;
			buildConfigurations = (
				ADF36E0327510F7B008BA1DB /* Debug */,
				ADF36E0427510F7B008BA1DB /* Release */,
			);
			defaultConfigurationIsVisible = 0;
			defaultConfigurationName = Release;
		};
		ADF36E0527510F7B008BA1DB /* Build configuration list for PBXNativeTarget "Carrot" */ = {
			isa = XCConfigurationList;
			buildConfigurations = (
				ADF36E0627510F7B008BA1DB /* Debug */,
				ADF36E0727510F7B008BA1DB /* Release */,
			);
			defaultConfigurationIsVisible = 0;
			defaultConfigurationName = Release;
		};
/* End XCConfigurationList section */
	};
	rootObject = ADF36DE927510F79008BA1DB /* Project object */;
}
